// !$*UTF8*$!
{
	archiveVersion = 1;
	classes = {
	};
	objectVersion = 46;
	objects = {

/* Begin PBXBuildFile section */
		858656961D87B3BB007BDD7C /* AppDelegate.swift in Sources */ = {isa = PBXBuildFile; fileRef = 858656951D87B3BB007BDD7C /* AppDelegate.swift */; };
		858656981D87B3BB007BDD7C /* ViewController.swift in Sources */ = {isa = PBXBuildFile; fileRef = 858656971D87B3BB007BDD7C /* ViewController.swift */; };
		8586569B1D87B3BB007BDD7C /* Main.storyboard in Resources */ = {isa = PBXBuildFile; fileRef = 858656991D87B3BB007BDD7C /* Main.storyboard */; };
		8586569D1D87B3BB007BDD7C /* Assets.xcassets in Resources */ = {isa = PBXBuildFile; fileRef = 8586569C1D87B3BB007BDD7C /* Assets.xcassets */; };
		858656A01D87B3BB007BDD7C /* LaunchScreen.storyboard in Resources */ = {isa = PBXBuildFile; fileRef = 8586569E1D87B3BB007BDD7C /* LaunchScreen.storyboard */; };
		858656AA1D87CDCD007BDD7C /* SettingsTableViewController.swift in Sources */ = {isa = PBXBuildFile; fileRef = 858656A91D87CDCD007BDD7C /* SettingsTableViewController.swift */; };
/* End PBXBuildFile section */

/* Begin PBXFileReference section */
		858656921D87B3BB007BDD7C /* tippy.app */ = {isa = PBXFileReference; explicitFileType = wrapper.application; includeInIndex = 0; path = tippy.app; sourceTree = BUILT_PRODUCTS_DIR; };
		858656951D87B3BB007BDD7C /* AppDelegate.swift */ = {isa = PBXFileReference; lastKnownFileType = sourcecode.swift; path = AppDelegate.swift; sourceTree = "<group>"; };
		858656971D87B3BB007BDD7C /* ViewController.swift */ = {isa = PBXFileReference; lastKnownFileType = sourcecode.swift; path = ViewController.swift; sourceTree = "<group>"; };
		8586569A1D87B3BB007BDD7C /* Base */ = {isa = PBXFileReference; lastKnownFileType = file.storyboard; name = Base; path = Base.lproj/Main.storyboard; sourceTree = "<group>"; };
		8586569C1D87B3BB007BDD7C /* Assets.xcassets */ = {isa = PBXFileReference; lastKnownFileType = folder.assetcatalog; path = Assets.xcassets; sourceTree = "<group>"; };
		8586569F1D87B3BB007BDD7C /* Base */ = {isa = PBXFileReference; lastKnownFileType = file.storyboard; name = Base; path = Base.lproj/LaunchScreen.storyboard; sourceTree = "<group>"; };
		858656A11D87B3BB007BDD7C /* Info.plist */ = {isa = PBXFileReference; lastKnownFileType = text.plist.xml; path = Info.plist; sourceTree = "<group>"; };
		858656A91D87CDCD007BDD7C /* SettingsTableViewController.swift */ = {isa = PBXFileReference; fileEncoding = 4; lastKnownFileType = sourcecode.swift; path = SettingsTableViewController.swift; sourceTree = "<group>"; };
/* End PBXFileReference section */

/* Begin PBXFrameworksBuildPhase section */
		8586568F1D87B3BB007BDD7C /* Frameworks */ = {
			isa = PBXFrameworksBuildPhase;
			buildActionMask = 2147483647;
			files = (
			);
			runOnlyForDeploymentPostprocessing = 0;
		};
/* End PBXFrameworksBuildPhase section */

/* Begin PBXGroup section */
		858656891D87B3BB007BDD7C = {
			isa = PBXGroup;
			children = (
				858656941D87B3BB007BDD7C /* tippy */,
				858656931D87B3BB007BDD7C /* Products */,
			);
			sourceTree = "<group>";
		};
		858656931D87B3BB007BDD7C /* Products */ = {
			isa = PBXGroup;
			children = (
				858656921D87B3BB007BDD7C /* tippy.app */,
			);
			name = Products;
			sourceTree = "<group>";
		};
		858656941D87B3BB007BDD7C /* tippy */ = {
			isa = PBXGroup;
			children = (
				858656951D87B3BB007BDD7C /* AppDelegate.swift */,
				858656971D87B3BB007BDD7C /* ViewController.swift */,
				858656A91D87CDCD007BDD7C /* SettingsTableViewController.swift */,
				858656991D87B3BB007BDD7C /* Main.storyboard */,
				8586569C1D87B3BB007BDD7C /* Assets.xcassets */,
				8586569E1D87B3BB007BDD7C /* LaunchScreen.storyboard */,
				858656A11D87B3BB007BDD7C /* Info.plist */,
			);
			path = tippy;
			sourceTree = "<group>";
		};
/* End PBXGroup section */

/* Begin PBXNativeTarget section */
		858656911D87B3BB007BDD7C /* tippy */ = {
			isa = PBXNativeTarget;
			buildConfigurationList = 858656A41D87B3BB007BDD7C /* Build configuration list for PBXNativeTarget "tippy" */;
			buildPhases = (
				8586568E1D87B3BB007BDD7C /* Sources */,
				8586568F1D87B3BB007BDD7C /* Frameworks */,
				858656901D87B3BB007BDD7C /* Resources */,
			);
			buildRules = (
			);
			dependencies = (
			);
			name = tippy;
			productName = tippy;
			productReference = 858656921D87B3BB007BDD7C /* tippy.app */;
			productType = "com.apple.product-type.application";
		};
/* End PBXNativeTarget section */

/* Begin PBXProject section */
		8586568A1D87B3BB007BDD7C /* Project object */ = {
			isa = PBXProject;
			attributes = {
				LastSwiftUpdateCheck = 0730;
				LastUpgradeCheck = 0730;
				ORGANIZATIONNAME = myPersonalProjects;
				TargetAttributes = {
					858656911D87B3BB007BDD7C = {
						CreatedOnToolsVersion = 7.3.1;
					};
				};
			};
			buildConfigurationList = 8586568D1D87B3BB007BDD7C /* Build configuration list for PBXProject "tippy" */;
			compatibilityVersion = "Xcode 3.2";
			developmentRegion = English;
			hasScannedForEncodings = 0;
			knownRegions = (
				en,
				Base,
			);
			mainGroup = 858656891D87B3BB007BDD7C;
			productRefGroup = 858656931D87B3BB007BDD7C /* Products */;
			projectDirPath = "";
			projectRoot = "";
			targets = (
				858656911D87B3BB007BDD7C /* tippy */,
			);
		};
/* End PBXProject section */

/* Begin PBXResourcesBuildPhase section */
		858656901D87B3BB007BDD7C /* Resources */ = {
			isa = PBXResourcesBuildPhase;
			buildActionMask = 2147483647;
			files = (
				858656A01D87B3BB007BDD7C /* LaunchScreen.storyboard in Resources */,
				8586569D1D87B3BB007BDD7C /* Assets.xcassets in Resources */,
				8586569B1D87B3BB007BDD7C /* Main.storyboard in Resources */,
			);
			runOnlyForDeploymentPostprocessing = 0;
		};
/* End PBXResourcesBuildPhase section */

/* Begin PBXSourcesBuildPhase section */
		8586568E1D87B3BB007BDD7C /* Sources */ = {
			isa = PBXSourcesBuildPhase;
			buildActionMask = 2147483647;
			files = (
				858656981D87B3BB007BDD7C /* ViewController.swift in Sources */,
				858656961D87B3BB007BDD7C /* AppDelegate.swift in Sources */,
				858656AA1D87CDCD007BDD7C /* SettingsTableViewController.swift in Sources */,
			);
			runOnlyForDeploymentPostprocessing = 0;
		};
/* End PBXSourcesBuildPhase section */

/* Begin PBXVariantGroup section */
		858656991D87B3BB007BDD7C /* Main.storyboard */ = {
			isa = PBXVariantGroup;
			children = (
				8586569A1D87B3BB007BDD7C /* Base */,
			);
			name = Main.storyboard;
			sourceTree = "<group>";
		};
		8586569E1D87B3BB007BDD7C /* LaunchScreen.storyboard */ = {
			isa = PBXVariantGroup;
			children = (
				8586569F1D87B3BB007BDD7C /* Base */,
			);
			name = LaunchScreen.storyboard;
			sourceTree = "<group>";
		};
/* End PBXVariantGroup section */

/* Begin XCBuildConfiguration section */
		858656A21D87B3BB007BDD7C /* Debug */ = {
			isa = XCBuildConfiguration;
			buildSettings = {
				ALWAYS_SEARCH_USER_PATHS = NO;
				CLANG_ANALYZER_NONNULL = YES;
				CLANG_CXX_LANGUAGE_STANDARD = "gnu++0x";
				CLANG_CXX_LIBRARY = "libc++";
				CLANG_ENABLE_MODULES = YES;
				CLANG_ENABLE_OBJC_ARC = YES;
				CLANG_WARN_BOOL_CONVERSION = YES;
				CLANG_WARN_CONSTANT_CONVERSION = YES;
				CLANG_WARN_DIRECT_OBJC_ISA_USAGE = YES_ERROR;
				CLANG_WARN_EMPTY_BODY = YES;
				CLANG_WARN_ENUM_CONVERSION = YES;
				CLANG_WARN_INT_CONVERSION = YES;
				CLANG_WARN_OBJC_ROOT_CLASS = YES_ERROR;
				CLANG_WARN_UNREACHABLE_CODE = YES;
				CLANG_WARN__DUPLICATE_METHOD_MATCH = YES;
				"CODE_SIGN_IDENTITY[sdk=iphoneos*]" = "iPhone Developer";
				COPY_PHASE_STRIP = NO;
				DEBUG_INFORMATION_FORMAT = dwarf;
				ENABLE_STRICT_OBJC_MSGSEND = YES;
				ENABLE_TESTABILITY = YES;
				GCC_C_LANGUAGE_STANDARD = gnu99;
				GCC_DYNAMIC_NO_PIC = NO;
				GCC_NO_COMMON_BLOCKS = YES;
				GCC_OPTIMIZATION_LEVEL = 0;
				GCC_PREPROCESSOR_DEFINITIONS = (
					"DEBUG=1",
					"$(inherited)",
				);
				GCC_WARN_64_TO_32_BIT_CONVERSION = YES;
				GCC_WARN_ABOUT_RETURN_TYPE = YES_ERROR;
				GCC_WARN_UNDECLARED_SELECTOR = YES;
				GCC_WARN_UNINITIALIZED_AUTOS = YES_AGGRESSIVE;
				GCC_WARN_UNUSED_FUNCTION = YES;
				GCC_WARN_UNUSED_VARIABLE = YES;
				IPHONEOS_DEPLOYMENT_TARGET = 9.3;
				MTL_ENABLE_DEBUG_INFO = YES;
				ONLY_ACTIVE_ARCH = YES;
				SDKROOT = iphoneos;
				SWIFT_OPTIMIZATION_LEVEL = "-Onone";
				TARGETED_DEVICE_FAMILY = "1,2";
			};
			name = Debug;
		};
		858656A31D87B3BB007BDD7C /* Release */ = {
			isa = XCBuildConfiguration;
			buildSettings = {
				ALWAYS_SEARCH_USER_PATHS = NO;
				CLANG_ANALYZER_NONNULL = YES;
				CLANG_CXX_LANGUAGE_STANDARD = "gnu++0x";
				CLANG_CXX_LIBRARY = "libc++";
				CLANG_ENABLE_MODULES = YES;
				CLANG_ENABLE_OBJC_ARC = YES;
				CLANG_WARN_BOOL_CONVERSION = YES;
				CLANG_WARN_CONSTANT_CONVERSION = YES;
				CLANG_WARN_DIRECT_OBJC_ISA_USAGE = YES_ERROR;
				CLANG_WARN_EMPTY_BODY = YES;
				CLANG_WARN_ENUM_CONVERSION = YES;
				CLANG_WARN_INT_CONVERSION = YES;
				CLANG_WARN_OBJC_ROOT_CLASS = YES_ERROR;
				CLANG_WARN_UNREACHABLE_CODE = YES;
				CLANG_WARN__DUPLICATE_METHOD_MATCH = YES;
				"CODE_SIGN_IDENTITY[sdk=iphoneos*]" = "iPhone Developer";
				COPY_PHASE_STRIP = NO;
				DEBUG_INFORMATION_FORMAT = "dwarf-with-dsym";
				ENABLE_NS_ASSERTIONS = NO;
				ENABLE_STRICT_OBJC_MSGSEND = YES;
				GCC_C_LANGUAGE_STANDARD = gnu99;
				GCC_NO_COMMON_BLOCKS = YES;
				GCC_WARN_64_TO_32_BIT_CONVERSION = YES;
				GCC_WARN_ABOUT_RETURN_TYPE = YES_ERROR;
				GCC_WARN_UNDECLARED_SELECTOR = YES;
				GCC_WARN_UNINITIALIZED_AUTOS = YES_AGGRESSIVE;
				GCC_WARN_UNUSED_FUNCTION = YES;
				GCC_WARN_UNUSED_VARIABLE = YES;
				IPHONEOS_DEPLOYMENT_TARGET = 9.3;
				MTL_ENABLE_DEBUG_INFO = NO;
				SDKROOT = iphoneos;
				TARGETED_DEVICE_FAMILY = "1,2";
				VALIDATE_PRODUCT = YES;
			};
			name = Release;
		};
		858656A51D87B3BB007BDD7C /* Debug */ = {
			isa = XCBuildConfiguration;
			buildSettings = {
				ASSETCATALOG_COMPILER_APPICON_NAME = AppIcon;
				INFOPLIST_FILE = tippy/Info.plist;
				LD_RUNPATH_SEARCH_PATHS = "$(inherited) @executable_path/Frameworks";
				PRODUCT_BUNDLE_IDENTIFIER = com.KaileD.tippy;
				PRODUCT_NAME = "$(TARGET_NAME)";
			};
			name = Debug;
		};
		858656A61D87B3BB007BDD7C /* Release */ = {
			isa = XCBuildConfiguration;
			buildSettings = {
				ASSETCATALOG_COMPILER_APPICON_NAME = AppIcon;
				INFOPLIST_FILE = tippy/Info.plist;
				LD_RUNPATH_SEARCH_PATHS = "$(inherited) @executable_path/Frameworks";
				PRODUCT_BUNDLE_IDENTIFIER = com.KaileD.tippy;
				PRODUCT_NAME = "$(TARGET_NAME)";
			};
			name = Release;
		};
/* End XCBuildConfiguration section */

/* Begin XCConfigurationList section */
		8586568D1D87B3BB007BDD7C /* Build configuration list for PBXProject "tippy" */ = {
			isa = XCConfigurationList;
			buildConfigurations = (
				858656A21D87B3BB007BDD7C /* Debug */,
				858656A31D87B3BB007BDD7C /* Release */,
			);
			defaultConfigurationIsVisible = 0;
			defaultConfigurationName = Release;
		};
		858656A41D87B3BB007BDD7C /* Build configuration list for PBXNativeTarget "tippy" */ = {
			isa = XCConfigurationList;
			buildConfigurations = (
				858656A51D87B3BB007BDD7C /* Debug */,
				858656A61D87B3BB007BDD7C /* Release */,
			);
			defaultConfigurationIsVisible = 0;
		};
/* End XCConfigurationList section */
	};
	rootObject = 8586568A1D87B3BB007BDD7C /* Project object */;
}
